// !$*UTF8*$!
{
	archiveVersion = 1;
	classes = {
	};
	objectVersion = 55;
	objects = {

/* Begin PBXBuildFile section */
		D507F6762912052E00CE7645 /* AppDelegate.swift in Sources */ = {isa = PBXBuildFile; fileRef = D507F6752912052E00CE7645 /* AppDelegate.swift */; };
		D507F6782912052E00CE7645 /* SceneDelegate.swift in Sources */ = {isa = PBXBuildFile; fileRef = D507F6772912052E00CE7645 /* SceneDelegate.swift */; };
		D507F67A2912052E00CE7645 /* ViewController.swift in Sources */ = {isa = PBXBuildFile; fileRef = D507F6792912052E00CE7645 /* ViewController.swift */; };
		D507F67D2912052E00CE7645 /* Main.storyboard in Resources */ = {isa = PBXBuildFile; fileRef = D507F67B2912052E00CE7645 /* Main.storyboard */; };
		D507F67F2912052F00CE7645 /* Assets.xcassets in Resources */ = {isa = PBXBuildFile; fileRef = D507F67E2912052F00CE7645 /* Assets.xcassets */; };
		D507F6822912052F00CE7645 /* LaunchScreen.storyboard in Resources */ = {isa = PBXBuildFile; fileRef = D507F6802912052F00CE7645 /* LaunchScreen.storyboard */; };
		D507F68D2912052F00CE7645 /* famousSayingTests.swift in Sources */ = {isa = PBXBuildFile; fileRef = D507F68C2912052F00CE7645 /* famousSayingTests.swift */; };
		D507F6972912052F00CE7645 /* famousSayingUITests.swift in Sources */ = {isa = PBXBuildFile; fileRef = D507F6962912052F00CE7645 /* famousSayingUITests.swift */; };
		D507F6992912053000CE7645 /* famousSayingUITestsLaunchTests.swift in Sources */ = {isa = PBXBuildFile; fileRef = D507F6982912053000CE7645 /* famousSayingUITestsLaunchTests.swift */; };
/* End PBXBuildFile section */

/* Begin PBXContainerItemProxy section */
		D507F6892912052F00CE7645 /* PBXContainerItemProxy */ = {
			isa = PBXContainerItemProxy;
			containerPortal = D507F66A2912052E00CE7645 /* Project object */;
			proxyType = 1;
			remoteGlobalIDString = D507F6712912052E00CE7645;
			remoteInfo = famousSaying;
		};
		D507F6932912052F00CE7645 /* PBXContainerItemProxy */ = {
			isa = PBXContainerItemProxy;
			containerPortal = D507F66A2912052E00CE7645 /* Project object */;
			proxyType = 1;
			remoteGlobalIDString = D507F6712912052E00CE7645;
			remoteInfo = famousSaying;
		};
/* End PBXContainerItemProxy section */

/* Begin PBXFileReference section */
		D507F6722912052E00CE7645 /* famousSaying.app */ = {isa = PBXFileReference; explicitFileType = wrapper.application; includeInIndex = 0; path = famousSaying.app; sourceTree = BUILT_PRODUCTS_DIR; };
		D507F6752912052E00CE7645 /* AppDelegate.swift */ = {isa = PBXFileReference; lastKnownFileType = sourcecode.swift; path = AppDelegate.swift; sourceTree = "<group>"; };
		D507F6772912052E00CE7645 /* SceneDelegate.swift */ = {isa = PBXFileReference; lastKnownFileType = sourcecode.swift; path = SceneDelegate.swift; sourceTree = "<group>"; };
		D507F6792912052E00CE7645 /* ViewController.swift */ = {isa = PBXFileReference; lastKnownFileType = sourcecode.swift; path = ViewController.swift; sourceTree = "<group>"; };
		D507F67C2912052E00CE7645 /* Base */ = {isa = PBXFileReference; lastKnownFileType = file.storyboard; name = Base; path = Base.lproj/Main.storyboard; sourceTree = "<group>"; };
		D507F67E2912052F00CE7645 /* Assets.xcassets */ = {isa = PBXFileReference; lastKnownFileType = folder.assetcatalog; path = Assets.xcassets; sourceTree = "<group>"; };
		D507F6812912052F00CE7645 /* Base */ = {isa = PBXFileReference; lastKnownFileType = file.storyboard; name = Base; path = Base.lproj/LaunchScreen.storyboard; sourceTree = "<group>"; };
		D507F6832912052F00CE7645 /* Info.plist */ = {isa = PBXFileReference; lastKnownFileType = text.plist.xml; path = Info.plist; sourceTree = "<group>"; };
		D507F6882912052F00CE7645 /* famousSayingTests.xctest */ = {isa = PBXFileReference; explicitFileType = wrapper.cfbundle; includeInIndex = 0; path = famousSayingTests.xctest; sourceTree = BUILT_PRODUCTS_DIR; };
		D507F68C2912052F00CE7645 /* famousSayingTests.swift */ = {isa = PBXFileReference; lastKnownFileType = sourcecode.swift; path = famousSayingTests.swift; sourceTree = "<group>"; };
		D507F6922912052F00CE7645 /* famousSayingUITests.xctest */ = {isa = PBXFileReference; explicitFileType = wrapper.cfbundle; includeInIndex = 0; path = famousSayingUITests.xctest; sourceTree = BUILT_PRODUCTS_DIR; };
		D507F6962912052F00CE7645 /* famousSayingUITests.swift */ = {isa = PBXFileReference; lastKnownFileType = sourcecode.swift; path = famousSayingUITests.swift; sourceTree = "<group>"; };
		D507F6982912053000CE7645 /* famousSayingUITestsLaunchTests.swift */ = {isa = PBXFileReference; lastKnownFileType = sourcecode.swift; path = famousSayingUITestsLaunchTests.swift; sourceTree = "<group>"; };
/* End PBXFileReference section */

/* Begin PBXFrameworksBuildPhase section */
		D507F66F2912052E00CE7645 /* Frameworks */ = {
			isa = PBXFrameworksBuildPhase;
			buildActionMask = 2147483647;
			files = (
			);
			runOnlyForDeploymentPostprocessing = 0;
		};
		D507F6852912052F00CE7645 /* Frameworks */ = {
			isa = PBXFrameworksBuildPhase;
			buildActionMask = 2147483647;
			files = (
			);
			runOnlyForDeploymentPostprocessing = 0;
		};
		D507F68F2912052F00CE7645 /* Frameworks */ = {
			isa = PBXFrameworksBuildPhase;
			buildActionMask = 2147483647;
			files = (
			);
			runOnlyForDeploymentPostprocessing = 0;
		};
/* End PBXFrameworksBuildPhase section */

/* Begin PBXGroup section */
		D507F6692912052E00CE7645 = {
			isa = PBXGroup;
			children = (
				D507F6742912052E00CE7645 /* famousSaying */,
				D507F68B2912052F00CE7645 /* famousSayingTests */,
				D507F6952912052F00CE7645 /* famousSayingUITests */,
				D507F6732912052E00CE7645 /* Products */,
			);
			sourceTree = "<group>";
		};
		D507F6732912052E00CE7645 /* Products */ = {
			isa = PBXGroup;
			children = (
				D507F6722912052E00CE7645 /* famousSaying.app */,
				D507F6882912052F00CE7645 /* famousSayingTests.xctest */,
				D507F6922912052F00CE7645 /* famousSayingUITests.xctest */,
			);
			name = Products;
			sourceTree = "<group>";
		};
		D507F6742912052E00CE7645 /* famousSaying */ = {
			isa = PBXGroup;
			children = (
				D507F6752912052E00CE7645 /* AppDelegate.swift */,
				D507F6772912052E00CE7645 /* SceneDelegate.swift */,
				D507F6792912052E00CE7645 /* ViewController.swift */,
				D507F67B2912052E00CE7645 /* Main.storyboard */,
				D507F67E2912052F00CE7645 /* Assets.xcassets */,
				D507F6802912052F00CE7645 /* LaunchScreen.storyboard */,
				D507F6832912052F00CE7645 /* Info.plist */,
			);
			path = famousSaying;
			sourceTree = "<group>";
		};
		D507F68B2912052F00CE7645 /* famousSayingTests */ = {
			isa = PBXGroup;
			children = (
				D507F68C2912052F00CE7645 /* famousSayingTests.swift */,
			);
			path = famousSayingTests;
			sourceTree = "<group>";
		};
		D507F6952912052F00CE7645 /* famousSayingUITests */ = {
			isa = PBXGroup;
			children = (
				D507F6962912052F00CE7645 /* famousSayingUITests.swift */,
				D507F6982912053000CE7645 /* famousSayingUITestsLaunchTests.swift */,
			);
			path = famousSayingUITests;
			sourceTree = "<group>";
		};
/* End PBXGroup section */

/* Begin PBXNativeTarget section */
		D507F6712912052E00CE7645 /* famousSaying */ = {
			isa = PBXNativeTarget;
			buildConfigurationList = D507F69C2912053000CE7645 /* Build configuration list for PBXNativeTarget "famousSaying" */;
			buildPhases = (
				D507F66E2912052E00CE7645 /* Sources */,
				D507F66F2912052E00CE7645 /* Frameworks */,
				D507F6702912052E00CE7645 /* Resources */,
			);
			buildRules = (
			);
			dependencies = (
			);
			name = famousSaying;
			productName = famousSaying;
			productReference = D507F6722912052E00CE7645 /* famousSaying.app */;
			productType = "com.apple.product-type.application";
		};
		D507F6872912052F00CE7645 /* famousSayingTests */ = {
			isa = PBXNativeTarget;
			buildConfigurationList = D507F69F2912053000CE7645 /* Build configuration list for PBXNativeTarget "famousSayingTests" */;
			buildPhases = (
				D507F6842912052F00CE7645 /* Sources */,
				D507F6852912052F00CE7645 /* Frameworks */,
				D507F6862912052F00CE7645 /* Resources */,
			);
			buildRules = (
			);
			dependencies = (
				D507F68A2912052F00CE7645 /* PBXTargetDependency */,
			);
			name = famousSayingTests;
			productName = famousSayingTests;
			productReference = D507F6882912052F00CE7645 /* famousSayingTests.xctest */;
			productType = "com.apple.product-type.bundle.unit-test";
		};
		D507F6912912052F00CE7645 /* famousSayingUITests */ = {
			isa = PBXNativeTarget;
			buildConfigurationList = D507F6A22912053000CE7645 /* Build configuration list for PBXNativeTarget "famousSayingUITests" */;
			buildPhases = (
				D507F68E2912052F00CE7645 /* Sources */,
				D507F68F2912052F00CE7645 /* Frameworks */,
				D507F6902912052F00CE7645 /* Resources */,
			);
			buildRules = (
			);
			dependencies = (
				D507F6942912052F00CE7645 /* PBXTargetDependency */,
			);
			name = famousSayingUITests;
			productName = famousSayingUITests;
			productReference = D507F6922912052F00CE7645 /* famousSayingUITests.xctest */;
			productType = "com.apple.product-type.bundle.ui-testing";
		};
/* End PBXNativeTarget section */

/* Begin PBXProject section */
		D507F66A2912052E00CE7645 /* Project object */ = {
			isa = PBXProject;
			attributes = {
				BuildIndependentTargetsInParallel = 1;
				LastSwiftUpdateCheck = 1340;
				LastUpgradeCheck = 1340;
				TargetAttributes = {
					D507F6712912052E00CE7645 = {
						CreatedOnToolsVersion = 13.4.1;
					};
					D507F6872912052F00CE7645 = {
						CreatedOnToolsVersion = 13.4.1;
						TestTargetID = D507F6712912052E00CE7645;
					};
					D507F6912912052F00CE7645 = {
						CreatedOnToolsVersion = 13.4.1;
						TestTargetID = D507F6712912052E00CE7645;
					};
				};
			};
			buildConfigurationList = D507F66D2912052E00CE7645 /* Build configuration list for PBXProject "famousSaying" */;
			compatibilityVersion = "Xcode 13.0";
			developmentRegion = en;
			hasScannedForEncodings = 0;
			knownRegions = (
				en,
				Base,
			);
			mainGroup = D507F6692912052E00CE7645;
			productRefGroup = D507F6732912052E00CE7645 /* Products */;
			projectDirPath = "";
			projectRoot = "";
			targets = (
				D507F6712912052E00CE7645 /* famousSaying */,
				D507F6872912052F00CE7645 /* famousSayingTests */,
				D507F6912912052F00CE7645 /* famousSayingUITests */,
			);
		};
/* End PBXProject section */

/* Begin PBXResourcesBuildPhase section */
		D507F6702912052E00CE7645 /* Resources */ = {
			isa = PBXResourcesBuildPhase;
			buildActionMask = 2147483647;
			files = (
				D507F6822912052F00CE7645 /* LaunchScreen.storyboard in Resources */,
				D507F67F2912052F00CE7645 /* Assets.xcassets in Resources */,
				D507F67D2912052E00CE7645 /* Main.storyboard in Resources */,
			);
			runOnlyForDeploymentPostprocessing = 0;
		};
		D507F6862912052F00CE7645 /* Resources */ = {
			isa = PBXResourcesBuildPhase;
			buildActionMask = 2147483647;
			files = (
			);
			runOnlyForDeploymentPostprocessing = 0;
		};
		D507F6902912052F00CE7645 /* Resources */ = {
			isa = PBXResourcesBuildPhase;
			buildActionMask = 2147483647;
			files = (
			);
			runOnlyForDeploymentPostprocessing = 0;
		};
/* End PBXResourcesBuildPhase section */

/* Begin PBXSourcesBuildPhase section */
		D507F66E2912052E00CE7645 /* Sources */ = {
			isa = PBXSourcesBuildPhase;
			buildActionMask = 2147483647;
			files = (
				D507F67A2912052E00CE7645 /* ViewController.swift in Sources */,
				D507F6762912052E00CE7645 /* AppDelegate.swift in Sources */,
				D507F6782912052E00CE7645 /* SceneDelegate.swift in Sources */,
			);
			runOnlyForDeploymentPostprocessing = 0;
		};
		D507F6842912052F00CE7645 /* Sources */ = {
			isa = PBXSourcesBuildPhase;
			buildActionMask = 2147483647;
			files = (
				D507F68D2912052F00CE7645 /* famousSayingTests.swift in Sources */,
			);
			runOnlyForDeploymentPostprocessing = 0;
		};
		D507F68E2912052F00CE7645 /* Sources */ = {
			isa = PBXSourcesBuildPhase;
			buildActionMask = 2147483647;
			files = (
				D507F6992912053000CE7645 /* famousSayingUITestsLaunchTests.swift in Sources */,
				D507F6972912052F00CE7645 /* famousSayingUITests.swift in Sources */,
			);
			runOnlyForDeploymentPostprocessing = 0;
		};
/* End PBXSourcesBuildPhase section */

/* Begin PBXTargetDependency section */
		D507F68A2912052F00CE7645 /* PBXTargetDependency */ = {
			isa = PBXTargetDependency;
			target = D507F6712912052E00CE7645 /* famousSaying */;
			targetProxy = D507F6892912052F00CE7645 /* PBXContainerItemProxy */;
		};
		D507F6942912052F00CE7645 /* PBXTargetDependency */ = {
			isa = PBXTargetDependency;
			target = D507F6712912052E00CE7645 /* famousSaying */;
			targetProxy = D507F6932912052F00CE7645 /* PBXContainerItemProxy */;
		};
/* End PBXTargetDependency section */

/* Begin PBXVariantGroup section */
		D507F67B2912052E00CE7645 /* Main.storyboard */ = {
			isa = PBXVariantGroup;
			children = (
				D507F67C2912052E00CE7645 /* Base */,
			);
			name = Main.storyboard;
			sourceTree = "<group>";
		};
		D507F6802912052F00CE7645 /* LaunchScreen.storyboard */ = {
			isa = PBXVariantGroup;
			children = (
				D507F6812912052F00CE7645 /* Base */,
			);
			name = LaunchScreen.storyboard;
			sourceTree = "<group>";
		};
/* End PBXVariantGroup section */

/* Begin XCBuildConfiguration section */
		D507F69A2912053000CE7645 /* Debug */ = {
			isa = XCBuildConfiguration;
			buildSettings = {
				ALWAYS_SEARCH_USER_PATHS = NO;
				CLANG_ANALYZER_NONNULL = YES;
				CLANG_ANALYZER_NUMBER_OBJECT_CONVERSION = YES_AGGRESSIVE;
				CLANG_CXX_LANGUAGE_STANDARD = "gnu++17";
				CLANG_ENABLE_MODULES = YES;
				CLANG_ENABLE_OBJC_ARC = YES;
				CLANG_ENABLE_OBJC_WEAK = YES;
				CLANG_WARN_BLOCK_CAPTURE_AUTORELEASING = YES;
				CLANG_WARN_BOOL_CONVERSION = YES;
				CLANG_WARN_COMMA = YES;
				CLANG_WARN_CONSTANT_CONVERSION = YES;
				CLANG_WARN_DEPRECATED_OBJC_IMPLEMENTATIONS = YES;
				CLANG_WARN_DIRECT_OBJC_ISA_USAGE = YES_ERROR;
				CLANG_WARN_DOCUMENTATION_COMMENTS = YES;
				CLANG_WARN_EMPTY_BODY = YES;
				CLANG_WARN_ENUM_CONVERSION = YES;
				CLANG_WARN_INFINITE_RECURSION = YES;
				CLANG_WARN_INT_CONVERSION = YES;
				CLANG_WARN_NON_LITERAL_NULL_CONVERSION = YES;
				CLANG_WARN_OBJC_IMPLICIT_RETAIN_SELF = YES;
				CLANG_WARN_OBJC_LITERAL_CONVERSION = YES;
				CLANG_WARN_OBJC_ROOT_CLASS = YES_ERROR;
				CLANG_WARN_QUOTED_INCLUDE_IN_FRAMEWORK_HEADER = YES;
				CLANG_WARN_RANGE_LOOP_ANALYSIS = YES;
				CLANG_WARN_STRICT_PROTOTYPES = YES;
				CLANG_WARN_SUSPICIOUS_MOVE = YES;
				CLANG_WARN_UNGUARDED_AVAILABILITY = YES_AGGRESSIVE;
				CLANG_WARN_UNREACHABLE_CODE = YES;
				CLANG_WARN__DUPLICATE_METHOD_MATCH = YES;
				COPY_PHASE_STRIP = NO;
				DEBUG_INFORMATION_FORMAT = dwarf;
				ENABLE_STRICT_OBJC_MSGSEND = YES;
				ENABLE_TESTABILITY = YES;
				GCC_C_LANGUAGE_STANDARD = gnu11;
				GCC_DYNAMIC_NO_PIC = NO;
				GCC_NO_COMMON_BLOCKS = YES;
				GCC_OPTIMIZATION_LEVEL = 0;
				GCC_PREPROCESSOR_DEFINITIONS = (
					"DEBUG=1",
					"$(inherited)",
				);
				GCC_WARN_64_TO_32_BIT_CONVERSION = YES;
				GCC_WARN_ABOUT_RETURN_TYPE = YES_ERROR;
				GCC_WARN_UNDECLARED_SELECTOR = YES;
				GCC_WARN_UNINITIALIZED_AUTOS = YES_AGGRESSIVE;
				GCC_WARN_UNUSED_FUNCTION = YES;
				GCC_WARN_UNUSED_VARIABLE = YES;
				IPHONEOS_DEPLOYMENT_TARGET = 15.5;
				MTL_ENABLE_DEBUG_INFO = INCLUDE_SOURCE;
				MTL_FAST_MATH = YES;
				ONLY_ACTIVE_ARCH = YES;
				SDKROOT = iphoneos;
				SWIFT_ACTIVE_COMPILATION_CONDITIONS = DEBUG;
				SWIFT_OPTIMIZATION_LEVEL = "-Onone";
			};
			name = Debug;
		};
		D507F69B2912053000CE7645 /* Release */ = {
			isa = XCBuildConfiguration;
			buildSettings = {
				ALWAYS_SEARCH_USER_PATHS = NO;
				CLANG_ANALYZER_NONNULL = YES;
				CLANG_ANALYZER_NUMBER_OBJECT_CONVERSION = YES_AGGRESSIVE;
				CLANG_CXX_LANGUAGE_STANDARD = "gnu++17";
				CLANG_ENABLE_MODULES = YES;
				CLANG_ENABLE_OBJC_ARC = YES;
				CLANG_ENABLE_OBJC_WEAK = YES;
				CLANG_WARN_BLOCK_CAPTURE_AUTORELEASING = YES;
				CLANG_WARN_BOOL_CONVERSION = YES;
				CLANG_WARN_COMMA = YES;
				CLANG_WARN_CONSTANT_CONVERSION = YES;
				CLANG_WARN_DEPRECATED_OBJC_IMPLEMENTATIONS = YES;
				CLANG_WARN_DIRECT_OBJC_ISA_USAGE = YES_ERROR;
				CLANG_WARN_DOCUMENTATION_COMMENTS = YES;
				CLANG_WARN_EMPTY_BODY = YES;
				CLANG_WARN_ENUM_CONVERSION = YES;
				CLANG_WARN_INFINITE_RECURSION = YES;
				CLANG_WARN_INT_CONVERSION = YES;
				CLANG_WARN_NON_LITERAL_NULL_CONVERSION = YES;
				CLANG_WARN_OBJC_IMPLICIT_RETAIN_SELF = YES;
				CLANG_WARN_OBJC_LITERAL_CONVERSION = YES;
				CLANG_WARN_OBJC_ROOT_CLASS = YES_ERROR;
				CLANG_WARN_QUOTED_INCLUDE_IN_FRAMEWORK_HEADER = YES;
				CLANG_WARN_RANGE_LOOP_ANALYSIS = YES;
				CLANG_WARN_STRICT_PROTOTYPES = YES;
				CLANG_WARN_SUSPICIOUS_MOVE = YES;
				CLANG_WARN_UNGUARDED_AVAILABILITY = YES_AGGRESSIVE;
				CLANG_WARN_UNREACHABLE_CODE = YES;
				CLANG_WARN__DUPLICATE_METHOD_MATCH = YES;
				COPY_PHASE_STRIP = NO;
				DEBUG_INFORMATION_FORMAT = "dwarf-with-dsym";
				ENABLE_NS_ASSERTIONS = NO;
				ENABLE_STRICT_OBJC_MSGSEND = YES;
				GCC_C_LANGUAGE_STANDARD = gnu11;
				GCC_NO_COMMON_BLOCKS = YES;
				GCC_WARN_64_TO_32_BIT_CONVERSION = YES;
				GCC_WARN_ABOUT_RETURN_TYPE = YES_ERROR;
				GCC_WARN_UNDECLARED_SELECTOR = YES;
				GCC_WARN_UNINITIALIZED_AUTOS = YES_AGGRESSIVE;
				GCC_WARN_UNUSED_FUNCTION = YES;
				GCC_WARN_UNUSED_VARIABLE = YES;
				IPHONEOS_DEPLOYMENT_TARGET = 15.5;
				MTL_ENABLE_DEBUG_INFO = NO;
				MTL_FAST_MATH = YES;
				SDKROOT = iphoneos;
				SWIFT_COMPILATION_MODE = wholemodule;
				SWIFT_OPTIMIZATION_LEVEL = "-O";
				VALIDATE_PRODUCT = YES;
			};
			name = Release;
		};
		D507F69D2912053000CE7645 /* Debug */ = {
			isa = XCBuildConfiguration;
			buildSettings = {
				ASSETCATALOG_COMPILER_APPICON_NAME = AppIcon;
				ASSETCATALOG_COMPILER_GLOBAL_ACCENT_COLOR_NAME = AccentColor;
				CODE_SIGN_STYLE = Automatic;
				CURRENT_PROJECT_VERSION = 1;
				DEVELOPMENT_TEAM = YUYR6UHVFX;
				GENERATE_INFOPLIST_FILE = YES;
				INFOPLIST_FILE = famousSaying/Info.plist;
				INFOPLIST_KEY_UIApplicationSupportsIndirectInputEvents = YES;
				INFOPLIST_KEY_UILaunchStoryboardName = LaunchScreen;
				INFOPLIST_KEY_UIMainStoryboardFile = Main;
				INFOPLIST_KEY_UISupportedInterfaceOrientations_iPad = "UIInterfaceOrientationPortrait UIInterfaceOrientationPortraitUpsideDown UIInterfaceOrientationLandscapeLeft UIInterfaceOrientationLandscapeRight";
				INFOPLIST_KEY_UISupportedInterfaceOrientations_iPhone = "UIInterfaceOrientationPortrait UIInterfaceOrientationLandscapeLeft UIInterfaceOrientationLandscapeRight";
				LD_RUNPATH_SEARCH_PATHS = (
					"$(inherited)",
					"@executable_path/Frameworks",
				);
				MARKETING_VERSION = 1.0;
				PRODUCT_BUNDLE_IDENTIFIER = been.famousSaying;
				PRODUCT_NAME = "$(TARGET_NAME)";
				SWIFT_EMIT_LOC_STRINGS = YES;
				SWIFT_VERSION = 5.0;
				TARGETED_DEVICE_FAMILY = "1,2";
			};
			name = Debug;
		};
		D507F69E2912053000CE7645 /* Release */ = {
			isa = XCBuildConfiguration;
			buildSettings = {
				ASSETCATALOG_COMPILER_APPICON_NAME = AppIcon;
				ASSETCATALOG_COMPILER_GLOBAL_ACCENT_COLOR_NAME = AccentColor;
				CODE_SIGN_STYLE = Automatic;
				CURRENT_PROJECT_VERSION = 1;
				DEVELOPMENT_TEAM = YUYR6UHVFX;
				GENERATE_INFOPLIST_FILE = YES;
				INFOPLIST_FILE = famousSaying/Info.plist;
				INFOPLIST_KEY_UIApplicationSupportsIndirectInputEvents = YES;
				INFOPLIST_KEY_UILaunchStoryboardName = LaunchScreen;
				INFOPLIST_KEY_UIMainStoryboardFile = Main;
				INFOPLIST_KEY_UISupportedInterfaceOrientations_iPad = "UIInterfaceOrientationPortrait UIInterfaceOrientationPortraitUpsideDown UIInterfaceOrientationLandscapeLeft UIInterfaceOrientationLandscapeRight";
				INFOPLIST_KEY_UISupportedInterfaceOrientations_iPhone = "UIInterfaceOrientationPortrait UIInterfaceOrientationLandscapeLeft UIInterfaceOrientationLandscapeRight";
				LD_RUNPATH_SEARCH_PATHS = (
					"$(inherited)",
					"@executable_path/Frameworks",
				);
				MARKETING_VERSION = 1.0;
				PRODUCT_BUNDLE_IDENTIFIER = been.famousSaying;
				PRODUCT_NAME = "$(TARGET_NAME)";
				SWIFT_EMIT_LOC_STRINGS = YES;
				SWIFT_VERSION = 5.0;
				TARGETED_DEVICE_FAMILY = "1,2";
			};
			name = Release;
		};
		D507F6A02912053000CE7645 /* Debug */ = {
			isa = XCBuildConfiguration;
			buildSettings = {
				ALWAYS_EMBED_SWIFT_STANDARD_LIBRARIES = YES;
				BUNDLE_LOADER = "$(TEST_HOST)";
				CODE_SIGN_STYLE = Automatic;
				CURRENT_PROJECT_VERSION = 1;
				DEVELOPMENT_TEAM = YUYR6UHVFX;
				GENERATE_INFOPLIST_FILE = YES;
				IPHONEOS_DEPLOYMENT_TARGET = 15.5;
				MARKETING_VERSION = 1.0;
				PRODUCT_BUNDLE_IDENTIFIER = been.famousSayingTests;
				PRODUCT_NAME = "$(TARGET_NAME)";
				SWIFT_EMIT_LOC_STRINGS = NO;
				SWIFT_VERSION = 5.0;
				TARGETED_DEVICE_FAMILY = "1,2";
				TEST_HOST = "$(BUILT_PRODUCTS_DIR)/famousSaying.app/famousSaying";
			};
			name = Debug;
		};
		D507F6A12912053000CE7645 /* Release */ = {
			isa = XCBuildConfiguration;
			buildSettings = {
				ALWAYS_EMBED_SWIFT_STANDARD_LIBRARIES = YES;
				BUNDLE_LOADER = "$(TEST_HOST)";
				CODE_SIGN_STYLE = Automatic;
				CURRENT_PROJECT_VERSION = 1;
				DEVELOPMENT_TEAM = YUYR6UHVFX;
				GENERATE_INFOPLIST_FILE = YES;
				IPHONEOS_DEPLOYMENT_TARGET = 15.5;
				MARKETING_VERSION = 1.0;
				PRODUCT_BUNDLE_IDENTIFIER = been.famousSayingTests;
				PRODUCT_NAME = "$(TARGET_NAME)";
				SWIFT_EMIT_LOC_STRINGS = NO;
				SWIFT_VERSION = 5.0;
				TARGETED_DEVICE_FAMILY = "1,2";
				TEST_HOST = "$(BUILT_PRODUCTS_DIR)/famousSaying.app/famousSaying";
			};
			name = Release;
		};
		D507F6A32912053000CE7645 /* Debug */ = {
			isa = XCBuildConfiguration;
			buildSettings = {
				ALWAYS_EMBED_SWIFT_STANDARD_LIBRARIES = YES;
				CODE_SIGN_STYLE = Automatic;
				CURRENT_PROJECT_VERSION = 1;
				DEVELOPMENT_TEAM = YUYR6UHVFX;
				GENERATE_INFOPLIST_FILE = YES;
				MARKETING_VERSION = 1.0;
				PRODUCT_BUNDLE_IDENTIFIER = been.famousSayingUITests;
				PRODUCT_NAME = "$(TARGET_NAME)";
				SWIFT_EMIT_LOC_STRINGS = NO;
				SWIFT_VERSION = 5.0;
				TARGETED_DEVICE_FAMILY = "1,2";
				TEST_TARGET_NAME = famousSaying;
			};
			name = Debug;
		};
		D507F6A42912053000CE7645 /* Release */ = {
			isa = XCBuildConfiguration;
			buildSettings = {
				ALWAYS_EMBED_SWIFT_STANDARD_LIBRARIES = YES;
				CODE_SIGN_STYLE = Automatic;
				CURRENT_PROJECT_VERSION = 1;
				DEVELOPMENT_TEAM = YUYR6UHVFX;
				GENERATE_INFOPLIST_FILE = YES;
				MARKETING_VERSION = 1.0;
				PRODUCT_BUNDLE_IDENTIFIER = been.famousSayingUITests;
				PRODUCT_NAME = "$(TARGET_NAME)";
				SWIFT_EMIT_LOC_STRINGS = NO;
				SWIFT_VERSION = 5.0;
				TARGETED_DEVICE_FAMILY = "1,2";
				TEST_TARGET_NAME = famousSaying;
			};
			name = Release;
		};
/* End XCBuildConfiguration section */

/* Begin XCConfigurationList section */
		D507F66D2912052E00CE7645 /* Build configuration list for PBXProject "famousSaying" */ = {
			isa = XCConfigurationList;
			buildConfigurations = (
				D507F69A2912053000CE7645 /* Debug */,
				D507F69B2912053000CE7645 /* Release */,
			);
			defaultConfigurationIsVisible = 0;
			defaultConfigurationName = Release;
		};
		D507F69C2912053000CE7645 /* Build configuration list for PBXNativeTarget "famousSaying" */ = {
			isa = XCConfigurationList;
			buildConfigurations = (
				D507F69D2912053000CE7645 /* Debug */,
				D507F69E2912053000CE7645 /* Release */,
			);
			defaultConfigurationIsVisible = 0;
			defaultConfigurationName = Release;
		};
		D507F69F2912053000CE7645 /* Build configuration list for PBXNativeTarget "famousSayingTests" */ = {
			isa = XCConfigurationList;
			buildConfigurations = (
				D507F6A02912053000CE7645 /* Debug */,
				D507F6A12912053000CE7645 /* Release */,
			);
			defaultConfigurationIsVisible = 0;
			defaultConfigurationName = Release;
		};
		D507F6A22912053000CE7645 /* Build configuration list for PBXNativeTarget "famousSayingUITests" */ = {
			isa = XCConfigurationList;
			buildConfigurations = (
				D507F6A32912053000CE7645 /* Debug */,
				D507F6A42912053000CE7645 /* Release */,
			);
			defaultConfigurationIsVisible = 0;
			defaultConfigurationName = Release;
		};
/* End XCConfigurationList section */
	};
	rootObject = D507F66A2912052E00CE7645 /* Project object */;
}
